<?xml version="1.0" encoding="utf-8"?>
<Project ToolsVersion="15.0" xmlns="http://schemas.microsoft.com/developer/msbuild/2003">
  <ItemGroup>
    <ClCompile Include="src\body\Body.cpp">
      <Filter>Source Files</Filter>
    </ClCompile>
    <ClCompile Include="src\body\CollisionBody.cpp">
      <Filter>Source Files</Filter>
    </ClCompile>
    <ClCompile Include="src\body\RigidBody.cpp">
      <Filter>Source Files</Filter>
    </ClCompile>
    <ClCompile Include="src\collision\broadphase\BroadPhaseAlgorithm.cpp">
      <Filter>Source Files</Filter>
    </ClCompile>
    <ClCompile Include="src\collision\broadphase\DynamicAABBTree.cpp">
      <Filter>Source Files</Filter>
    </ClCompile>
    <ClCompile Include="src\collision\narrowphase\DefaultCollisionDispatch.cpp">
      <Filter>Source Files</Filter>
    </ClCompile>
    <ClCompile Include="src\collision\narrowphase\EPA\EdgeEPA.cpp">
      <Filter>Source Files</Filter>
    </ClCompile>
    <ClCompile Include="src\collision\narrowphase\EPA\EPAAlgorithm.cpp">
      <Filter>Source Files</Filter>
    </ClCompile>
    <ClCompile Include="src\collision\narrowphase\EPA\TriangleEPA.cpp">
      <Filter>Source Files</Filter>
    </ClCompile>
    <ClCompile Include="src\collision\narrowphase\EPA\TrianglesStore.cpp">
      <Filter>Source Files</Filter>
    </ClCompile>
    <ClCompile Include="src\collision\narrowphase\GJK\Simplex.cpp">
      <Filter>Source Files</Filter>
    </ClCompile>
    <ClCompile Include="src\collision\narrowphase\GJK\GJKAlgorithm.cpp">
      <Filter>Source Files</Filter>
    </ClCompile>
    <ClCompile Include="src\collision\narrowphase\NarrowPhaseAlgorithm.cpp">
      <Filter>Source Files</Filter>
    </ClCompile>
    <ClCompile Include="src\collision\narrowphase\SphereVsSphereAlgorithm.cpp">
      <Filter>Source Files</Filter>
    </ClCompile>
    <ClCompile Include="src\collision\narrowphase\ConcaveVsConvexAlgorithm.cpp">
      <Filter>Source Files</Filter>
    </ClCompile>
    <ClCompile Include="src\collision\shapes\AABB.cpp">
      <Filter>Source Files</Filter>
    </ClCompile>
    <ClCompile Include="src\collision\shapes\ConvexShape.cpp">
      <Filter>Source Files</Filter>
    </ClCompile>
    <ClCompile Include="src\collision\shapes\ConcaveShape.cpp">
      <Filter>Source Files</Filter>
    </ClCompile>
    <ClCompile Include="src\collision\shapes\BoxShape.cpp">
      <Filter>Source Files</Filter>
    </ClCompile>
    <ClCompile Include="src\collision\shapes\CapsuleShape.cpp">
      <Filter>Source Files</Filter>
    </ClCompile>
    <ClCompile Include="src\collision\shapes\CollisionShape.cpp">
      <Filter>Source Files</Filter>
    </ClCompile>
    <ClCompile Include="src\collision\shapes\ConeShape.cpp">
      <Filter>Source Files</Filter>
    </ClCompile>
    <ClCompile Include="src\collision\shapes\ConvexMeshShape.cpp">
      <Filter>Source Files</Filter>
    </ClCompile>
    <ClCompile Include="src\collision\shapes\CylinderShape.cpp">
      <Filter>Source Files</Filter>
    </ClCompile>
    <ClCompile Include="src\collision\shapes\SphereShape.cpp">
      <Filter>Source Files</Filter>
    </ClCompile>
    <ClCompile Include="src\collision\shapes\TriangleShape.cpp">
      <Filter>Source Files</Filter>
    </ClCompile>
    <ClCompile Include="src\collision\shapes\ConcaveMeshShape.cpp">
      <Filter>Source Files</Filter>
    </ClCompile>
    <ClCompile Include="src\collision\shapes\HeightFieldShape.cpp">
      <Filter>Source Files</Filter>
    </ClCompile>
    <ClCompile Include="src\collision\RaycastInfo.cpp">
      <Filter>Source Files</Filter>
    </ClCompile>
    <ClCompile Include="src\collision\ProxyShape.cpp">
      <Filter>Source Files</Filter>
    </ClCompile>
    <ClCompile Include="src\collision\TriangleVertexArray.cpp">
      <Filter>Source Files</Filter>
    </ClCompile>
    <ClCompile Include="src\collision\TriangleMesh.cpp">
      <Filter>Source Files</Filter>
    </ClCompile>
    <ClCompile Include="src\collision\CollisionDetection.cpp">
      <Filter>Source Files</Filter>
    </ClCompile>
    <ClCompile Include="src\collision\ContactManifold.cpp">
      <Filter>Source Files</Filter>
    </ClCompile>
    <ClCompile Include="src\collision\ContactManifoldSet.cpp">
      <Filter>Source Files</Filter>
    </ClCompile>
    <ClCompile Include="src\constraint\BallAndSocketJoint.cpp">
      <Filter>Source Files</Filter>
    </ClCompile>
    <ClCompile Include="src\constraint\ContactPoint.cpp">
      <Filter>Source Files</Filter>
    </ClCompile>
    <ClCompile Include="src\constraint\FixedJoint.cpp">
      <Filter>Source Files</Filter>
    </ClCompile>
    <ClCompile Include="src\constraint\HingeJoint.cpp">
      <Filter>Source Files</Filter>
    </ClCompile>
    <ClCompile Include="src\constraint\Joint.cpp">
      <Filter>Source Files</Filter>
    </ClCompile>
    <ClCompile Include="src\constraint\SliderJoint.cpp">
      <Filter>Source Files</Filter>
    </ClCompile>
    <ClCompile Include="src\engine\CollisionWorld.cpp">
      <Filter>Source Files</Filter>
    </ClCompile>
    <ClCompile Include="src\engine\ConstraintSolver.cpp">
      <Filter>Source Files</Filter>
    </ClCompile>
    <ClCompile Include="src\engine\ContactSolver.cpp">
      <Filter>Source Files</Filter>
    </ClCompile>
    <ClCompile Include="src\engine\DynamicsWorld.cpp">
      <Filter>Source Files</Filter>
    </ClCompile>
    <ClCompile Include="src\engine\Island.cpp">
      <Filter>Source Files</Filter>
    </ClCompile>
    <ClCompile Include="src\engine\Material.cpp">
      <Filter>Source Files</Filter>
    </ClCompile>
    <ClCompile Include="src\engine\OverlappingPair.cpp">
      <Filter>Source Files</Filter>
    </ClCompile>
    <ClCompile Include="src\engine\Profiler.cpp">
      <Filter>Source Files</Filter>
    </ClCompile>
    <ClCompile Include="src\engine\Timer.cpp">
      <Filter>Source Files</Filter>
    </ClCompile>
    <ClCompile Include="src\mathematics\mathematics_functions.cpp">
      <Filter>Source Files</Filter>
    </ClCompile>
    <ClCompile Include="src\mathematics\Matrix2x2.cpp">
      <Filter>Source Files</Filter>
    </ClCompile>
    <ClCompile Include="src\mathematics\Matrix3x3.cpp">
      <Filter>Source Files</Filter>
    </ClCompile>
    <ClCompile Include="src\mathematics\Quaternion.cpp">
      <Filter>Source Files</Filter>
    </ClCompile>
    <ClCompile Include="src\mathematics\Transform.cpp">
      <Filter>Source Files</Filter>
    </ClCompile>
    <ClCompile Include="src\mathematics\Vector2.cpp">
      <Filter>Source Files</Filter>
    </ClCompile>
    <ClCompile Include="src\mathematics\Vector3.cpp">
      <Filter>Source Files</Filter>
    </ClCompile>
    <ClCompile Include="src\memory\MemoryAllocator.cpp">
      <Filter>Source Files</Filter>
    </ClCompile>
  </ItemGroup>
  <ItemGroup>
    <ClInclude Include="src\configuration.h">
      <Filter>Header Files</Filter>
    </ClInclude>
    <ClInclude Include="src\decimal.h">
      <Filter>Header Files</Filter>
    </ClInclude>
    <ClInclude Include="src\reactphysics3d.h">
      <Filter>Header Files</Filter>
    </ClInclude>
    <ClInclude Include="src\body\Body.h">
      <Filter>Header Files</Filter>
    </ClInclude>
    <ClInclude Include="src\body\CollisionBody.h">
      <Filter>Header Files</Filter>
    </ClInclude>
    <ClInclude Include="src\body\RigidBody.h">
      <Filter>Header Files</Filter>
    </ClInclude>
    <ClInclude Include="src\collision\broadphase\BroadPhaseAlgorithm.h">
      <Filter>Header Files</Filter>
    </ClInclude>
    <ClInclude Include="src\collision\broadphase\DynamicAABBTree.h">
      <Filter>Header Files</Filter>
    </ClInclude>
    <ClInclude Include="src\collision\narrowphase\CollisionDispatch.h">
      <Filter>Header Files</Filter>
    </ClInclude>
    <ClInclude Include="src\collision\narrowphase\DefaultCollisionDispatch.h">
      <Filter>Header Files</Filter>
    </ClInclude>
    <ClInclude Include="src\collision\narrowphase\EPA\EdgeEPA.h">
      <Filter>Header Files</Filter>
    </ClInclude>
    <ClInclude Include="src\collision\narrowphase\EPA\EPAAlgorithm.h">
      <Filter>Header Files</Filter>
    </ClInclude>
    <ClInclude Include="src\collision\narrowphase\EPA\TriangleEPA.h">
      <Filter>Header Files</Filter>
    </ClInclude>
    <ClInclude Include="src\collision\narrowphase\EPA\TrianglesStore.h">
      <Filter>Header Files</Filter>
    </ClInclude>
    <ClInclude Include="src\collision\narrowphase\GJK\Simplex.h">
      <Filter>Header Files</Filter>
    </ClInclude>
    <ClInclude Include="src\collision\narrowphase\GJK\GJKAlgorithm.h">
      <Filter>Header Files</Filter>
    </ClInclude>
    <ClInclude Include="src\collision\narrowphase\NarrowPhaseAlgorithm.h">
      <Filter>Header Files</Filter>
    </ClInclude>
    <ClInclude Include="src\collision\narrowphase\SphereVsSphereAlgorithm.h">
      <Filter>Header Files</Filter>
    </ClInclude>
    <ClInclude Include="src\collision\narrowphase\ConcaveVsConvexAlgorithm.h">
      <Filter>Header Files</Filter>
    </ClInclude>
    <ClInclude Include="src\collision\shapes\AABB.h">
      <Filter>Header Files</Filter>
    </ClInclude>
    <ClInclude Include="src\collision\shapes\ConvexShape.h">
      <Filter>Header Files</Filter>
    </ClInclude>
    <ClInclude Include="src\collision\shapes\ConcaveShape.h">
      <Filter>Header Files</Filter>
    </ClInclude>
    <ClInclude Include="src\collision\shapes\BoxShape.h">
      <Filter>Header Files</Filter>
    </ClInclude>
    <ClInclude Include="src\collision\shapes\CapsuleShape.h">
      <Filter>Header Files</Filter>
    </ClInclude>
    <ClInclude Include="src\collision\shapes\CollisionShape.h">
      <Filter>Header Files</Filter>
    </ClInclude>
    <ClInclude Include="src\collision\shapes\ConeShape.h">
      <Filter>Header Files</Filter>
    </ClInclude>
    <ClInclude Include="src\collision\shapes\ConvexMeshShape.h">
      <Filter>Header Files</Filter>
    </ClInclude>
    <ClInclude Include="src\collision\shapes\CylinderShape.h">
      <Filter>Header Files</Filter>
    </ClInclude>
    <ClInclude Include="src\collision\shapes\SphereShape.h">
      <Filter>Header Files</Filter>
    </ClInclude>
    <ClInclude Include="src\collision\shapes\TriangleShape.h">
      <Filter>Header Files</Filter>
    </ClInclude>
    <ClInclude Include="src\collision\shapes\ConcaveMeshShape.h">
      <Filter>Header Files</Filter>
    </ClInclude>
    <ClInclude Include="src\collision\shapes\HeightFieldShape.h">
      <Filter>Header Files</Filter>
    </ClInclude>
    <ClInclude Include="src\collision\RaycastInfo.h">
      <Filter>Header Files</Filter>
    </ClInclude>
    <ClInclude Include="src\collision\ProxyShape.h">
      <Filter>Header Files</Filter>
    </ClInclude>
    <ClInclude Include="src\collision\TriangleVertexArray.h">
      <Filter>Header Files</Filter>
    </ClInclude>
    <ClInclude Include="src\collision\TriangleMesh.h">
      <Filter>Header Files</Filter>
    </ClInclude>
    <ClInclude Include="src\collision\CollisionDetection.h">
      <Filter>Header Files</Filter>
    </ClInclude>
    <ClInclude Include="src\collision\CollisionShapeInfo.h">
      <Filter>Header Files</Filter>
    </ClInclude>
    <ClInclude Include="src\collision\ContactManifold.h">
      <Filter>Header Files</Filter>
    </ClInclude>
    <ClInclude Include="src\collision\ContactManifoldSet.h">
      <Filter>Header Files</Filter>
    </ClInclude>
    <ClInclude Include="src\constraint\BallAndSocketJoint.h">
      <Filter>Header Files</Filter>
    </ClInclude>
    <ClInclude Include="src\constraint\ContactPoint.h">
      <Filter>Header Files</Filter>
    </ClInclude>
    <ClInclude Include="src\constraint\FixedJoint.h">
      <Filter>Header Files</Filter>
    </ClInclude>
    <ClInclude Include="src\constraint\HingeJoint.h">
      <Filter>Header Files</Filter>
    </ClInclude>
    <ClInclude Include="src\constraint\Joint.h">
      <Filter>Header Files</Filter>
    </ClInclude>
    <ClInclude Include="src\constraint\SliderJoint.h">
      <Filter>Header Files</Filter>
    </ClInclude>
    <ClInclude Include="src\engine\CollisionWorld.h">
      <Filter>Header Files</Filter>
    </ClInclude>
    <ClInclude Include="src\engine\ConstraintSolver.h">
      <Filter>Header Files</Filter>
    </ClInclude>
    <ClInclude Include="src\engine\ContactSolver.h">
      <Filter>Header Files</Filter>
    </ClInclude>
    <ClInclude Include="src\engine\DynamicsWorld.h">
      <Filter>Header Files</Filter>
    </ClInclude>
    <ClInclude Include="src\engine\EventListener.h">
      <Filter>Header Files</Filter>
    </ClInclude>
    <ClInclude Include="src\engine\Impulse.h">
      <Filter>Header Files</Filter>
    </ClInclude>
    <ClInclude Include="src\engine\Island.h">
      <Filter>Header Files</Filter>
    </ClInclude>
    <ClInclude Include="src\engine\Material.h">
      <Filter>Header Files</Filter>
    </ClInclude>
    <ClInclude Include="src\engine\OverlappingPair.h">
      <Filter>Header Files</Filter>
    </ClInclude>
    <ClInclude Include="src\engine\Profiler.h">
      <Filter>Header Files</Filter>
    </ClInclude>
    <ClInclude Include="src\engine\Timer.h">
      <Filter>Header Files</Filter>
    </ClInclude>
    <ClInclude Include="src\mathematics\mathematics.h">
      <Filter>Header Files</Filter>
    </ClInclude>
    <ClInclude Include="src\mathematics\mathematics_functions.h">
      <Filter>Header Files</Filter>
    </ClInclude>
    <ClInclude Include="src\mathematics\Matrix2x2.h">
      <Filter>Header Files</Filter>
    </ClInclude>
    <ClInclude Include="src\mathematics\Matrix3x3.h">
      <Filter>Header Files</Filter>
    </ClInclude>
    <ClInclude Include="src\mathematics\Quaternion.h">
      <Filter>Header Files</Filter>
    </ClInclude>
    <ClInclude Include="src\mathematics\Transform.h">
      <Filter>Header Files</Filter>
    </ClInclude>
    <ClInclude Include="src\mathematics\Vector2.h">
      <Filter>Header Files</Filter>
    </ClInclude>
    <ClInclude Include="src\mathematics\Vector3.h">
      <Filter>Header Files</Filter>
    </ClInclude>
    <ClInclude Include="src\mathematics\Ray.h">
      <Filter>Header Files</Filter>
    </ClInclude>
    <ClInclude Include="src\memory\MemoryAllocator.h">
      <Filter>Header Files</Filter>
    </ClInclude>
    <ClInclude Include="src\memory\Stack.h">
      <Filter>Header Files</Filter>
    </ClInclude>
  </ItemGroup>
  <ItemGroup>
    <Filter Include="Source Files">
      <UniqueIdentifier>{8C244007-E788-3B2D-A629-58F3A45708FA}</UniqueIdentifier>
    </Filter>
    <Filter Include="Header Files">
      <UniqueIdentifier>{58CC627A-3AC1-33D5-AB43-D7F7B2FF1DA7}</UniqueIdentifier>
    </Filter>
  </ItemGroup>
</Project>